
Microsoft Visual Studio Solution File, Format Version 12.00
# Visual Studio Version 17
VisualStudioVersion = 17.9.34723.18
MinimumVisualStudioVersion = 10.0.40219.1
Project("{FAE04EC0-301F-11D3-BF4B-00C04F79EFBC}") = "StorageApp", "StorageApp.csproj", "{1C05A07A-11BD-4AA2-903A-E202923F6B74}"
EndProject
Global
	GlobalSection(SolutionConfigurationPlatforms) = preSolution
		Debug|Any CPU = Debug|Any CPU
		Release|Any CPU = Release|Any CPU
	EndGlobalSection
	GlobalSection(ProjectConfigurationPlatforms) = postSolution
		{1C05A07A-11BD-4AA2-903A-E202923F6B74}.Debug|Any CPU.ActiveCfg = Debug|Any CPU
		{1C05A07A-11BD-4AA2-903A-E202923F6B74}.Debug|Any CPU.Build.0 = Debug|Any CPU
		{1C05A07A-11BD-4AA2-903A-E202923F6B74}.Release|Any CPU.ActiveCfg = Release|Any CPU
		{1C05A07A-11BD-4AA2-903A-E202923F6B74}.Release|Any CPU.Build.0 = Release|Any CPU
	EndGlobalSection
	GlobalSection(SolutionProperties) = preSolution
		HideSolutionNode = FALSE
	EndGlobalSection
	GlobalSection(ExtensibilityGlobals) = postSolution
		SolutionGuid = {FA82F91D-AD04-418C-B97F-A4FA60147D46}
	EndGlobalSection
EndGlobal
