
Microsoft Visual Studio Solution File, Format Version 12.00
# Visual Studio Version 17
VisualStudioVersion = 17.9.34723.18
MinimumVisualStudioVersion = 10.0.40219.1
Project("{FAE04EC0-301F-11D3-BF4B-00C04F79EFBC}") = "AuthExample", "AuthExample.csproj", "{FC9ABE02-A8C1-464B-81A1-181CD49155DD}"
EndProject
Global
	GlobalSection(SolutionConfigurationPlatforms) = preSolution
		Debug|Any CPU = Debug|Any CPU
		Release|Any CPU = Release|Any CPU
	EndGlobalSection
	GlobalSection(ProjectConfigurationPlatforms) = postSolution
		{FC9ABE02-A8C1-464B-81A1-181CD49155DD}.Debug|Any CPU.ActiveCfg = Debug|Any CPU
		{FC9ABE02-A8C1-464B-81A1-181CD49155DD}.Debug|Any CPU.Build.0 = Debug|Any CPU
		{FC9ABE02-A8C1-464B-81A1-181CD49155DD}.Release|Any CPU.ActiveCfg = Release|Any CPU
		{FC9ABE02-A8C1-464B-81A1-181CD49155DD}.Release|Any CPU.Build.0 = Release|Any CPU
	EndGlobalSection
	GlobalSection(SolutionProperties) = preSolution
		HideSolutionNode = FALSE
	EndGlobalSection
	GlobalSection(ExtensibilityGlobals) = postSolution
		SolutionGuid = {2A4EE6BB-1690-40A4-B81E-2ABBAEBA15CA}
	EndGlobalSection
EndGlobal
